// !$*UTF8*$!
{
	archiveVersion = 1;
	classes = {
	};
	objectVersion = 55;
	objects = {

/* Begin PBXBuildFile section */
		67ABEFAE2856C80D0068C434 /* landmarkData.json in Resources */ = {isa = PBXBuildFile; fileRef = 67ABEFAD2856C80D0068C434 /* landmarkData.json */; };
		67ABEFB02856C8280068C434 /* Landmark.swift in Sources */ = {isa = PBXBuildFile; fileRef = 67ABEFAF2856C8280068C434 /* Landmark.swift */; };
		67ABEFB22856C9EA0068C434 /* ModelData.swift in Sources */ = {isa = PBXBuildFile; fileRef = 67ABEFB12856C9EA0068C434 /* ModelData.swift */; };
		67ABEFB72856CDEF0068C434 /* LandmarkRow.swift in Sources */ = {isa = PBXBuildFile; fileRef = 67ABEFB62856CDEF0068C434 /* LandmarkRow.swift */; };
		67ABEFB92856D4430068C434 /* LandmarkList.swift in Sources */ = {isa = PBXBuildFile; fileRef = 67ABEFB82856D4430068C434 /* LandmarkList.swift */; };
		67ABEFBB2856D6A10068C434 /* LandmarkDetail.swift in Sources */ = {isa = PBXBuildFile; fileRef = 67ABEFBA2856D6A10068C434 /* LandmarkDetail.swift */; };
		67ABEFBD285703470068C434 /* FavoriteButton.swift in Sources */ = {isa = PBXBuildFile; fileRef = 67ABEFBC285703470068C434 /* FavoriteButton.swift */; };
		67E44A472856B45000E958CC /* CircleImage.swift in Sources */ = {isa = PBXBuildFile; fileRef = 67E44A462856B45000E958CC /* CircleImage.swift */; };
		67E44A492856B6B900E958CC /* MapView.swift in Sources */ = {isa = PBXBuildFile; fileRef = 67E44A482856B6B900E958CC /* MapView.swift */; };
		67F3FB482855C5D90029D9C7 /* Swift_Essentials1.swift in Sources */ = {isa = PBXBuildFile; fileRef = 67F3FB472855C5D90029D9C7 /* Swift_Essentials1.swift */; };
		67F3FB4A2855C5D90029D9C7 /* ContentView.swift in Sources */ = {isa = PBXBuildFile; fileRef = 67F3FB492855C5D90029D9C7 /* ContentView.swift */; };
		67F3FB4C2855C5EE0029D9C7 /* Assets.xcassets in Resources */ = {isa = PBXBuildFile; fileRef = 67F3FB4B2855C5EE0029D9C7 /* Assets.xcassets */; };
/* End PBXBuildFile section */

/* Begin PBXContainerItemProxy section */
		67F3FB552855C5EF0029D9C7 /* PBXContainerItemProxy */ = {
			isa = PBXContainerItemProxy;
			containerPortal = 67F3FB3C2855C5D80029D9C7 /* Project object */;
			proxyType = 1;
			remoteGlobalIDString = 67F3FB432855C5D90029D9C7;
			remoteInfo = "Smart Music";
		};
		67F3FB5F2855C5EF0029D9C7 /* PBXContainerItemProxy */ = {
			isa = PBXContainerItemProxy;
			containerPortal = 67F3FB3C2855C5D80029D9C7 /* Project object */;
			proxyType = 1;
			remoteGlobalIDString = 67F3FB432855C5D90029D9C7;
			remoteInfo = "Smart Music";
		};
/* End PBXContainerItemProxy section */

/* Begin PBXFileReference section */
		67ABEFAD2856C80D0068C434 /* landmarkData.json */ = {isa = PBXFileReference; fileEncoding = 4; lastKnownFileType = text.json; path = landmarkData.json; sourceTree = "<group>"; };
		67ABEFAF2856C8280068C434 /* Landmark.swift */ = {isa = PBXFileReference; lastKnownFileType = sourcecode.swift; path = Landmark.swift; sourceTree = "<group>"; };
		67ABEFB12856C9EA0068C434 /* ModelData.swift */ = {isa = PBXFileReference; lastKnownFileType = sourcecode.swift; path = ModelData.swift; sourceTree = "<group>"; };
		67ABEFB62856CDEF0068C434 /* LandmarkRow.swift */ = {isa = PBXFileReference; lastKnownFileType = sourcecode.swift; path = LandmarkRow.swift; sourceTree = "<group>"; };
		67ABEFB82856D4430068C434 /* LandmarkList.swift */ = {isa = PBXFileReference; lastKnownFileType = sourcecode.swift; path = LandmarkList.swift; sourceTree = "<group>"; };
		67ABEFBA2856D6A10068C434 /* LandmarkDetail.swift */ = {isa = PBXFileReference; lastKnownFileType = sourcecode.swift; path = LandmarkDetail.swift; sourceTree = "<group>"; };
		67ABEFBC285703470068C434 /* FavoriteButton.swift */ = {isa = PBXFileReference; lastKnownFileType = sourcecode.swift; path = FavoriteButton.swift; sourceTree = "<group>"; };
		67E44A462856B45000E958CC /* CircleImage.swift */ = {isa = PBXFileReference; lastKnownFileType = sourcecode.swift; path = CircleImage.swift; sourceTree = "<group>"; };
		67E44A482856B6B900E958CC /* MapView.swift */ = {isa = PBXFileReference; lastKnownFileType = sourcecode.swift; path = MapView.swift; sourceTree = "<group>"; };
		67F3FB442855C5D90029D9C7 /* Swift Essentials 1.app */ = {isa = PBXFileReference; explicitFileType = wrapper.application; includeInIndex = 0; path = "Swift Essentials 1.app"; sourceTree = BUILT_PRODUCTS_DIR; };
		67F3FB472855C5D90029D9C7 /* Swift_Essentials1.swift */ = {isa = PBXFileReference; lastKnownFileType = sourcecode.swift; path = Swift_Essentials1.swift; sourceTree = "<group>"; };
		67F3FB492855C5D90029D9C7 /* ContentView.swift */ = {isa = PBXFileReference; lastKnownFileType = sourcecode.swift; path = ContentView.swift; sourceTree = "<group>"; };
		67F3FB4B2855C5EE0029D9C7 /* Assets.xcassets */ = {isa = PBXFileReference; lastKnownFileType = folder.assetcatalog; path = Assets.xcassets; sourceTree = "<group>"; };
		67F3FB542855C5EF0029D9C7 /* Swift Essentials 1Tests.xctest */ = {isa = PBXFileReference; explicitFileType = wrapper.cfbundle; includeInIndex = 0; path = "Swift Essentials 1Tests.xctest"; sourceTree = BUILT_PRODUCTS_DIR; };
		67F3FB5E2855C5EF0029D9C7 /* Swift Essentials 1UITests.xctest */ = {isa = PBXFileReference; explicitFileType = wrapper.cfbundle; includeInIndex = 0; path = "Swift Essentials 1UITests.xctest"; sourceTree = BUILT_PRODUCTS_DIR; };
/* End PBXFileReference section */

/* Begin PBXFrameworksBuildPhase section */
		67F3FB412855C5D90029D9C7 /* Frameworks */ = {
			isa = PBXFrameworksBuildPhase;
			buildActionMask = 2147483647;
			files = (
			);
			runOnlyForDeploymentPostprocessing = 0;
		};
		67F3FB512855C5EF0029D9C7 /* Frameworks */ = {
			isa = PBXFrameworksBuildPhase;
			buildActionMask = 2147483647;
			files = (
			);
			runOnlyForDeploymentPostprocessing = 0;
		};
		67F3FB5B2855C5EF0029D9C7 /* Frameworks */ = {
			isa = PBXFrameworksBuildPhase;
			buildActionMask = 2147483647;
			files = (
			);
			runOnlyForDeploymentPostprocessing = 0;
		};
/* End PBXFrameworksBuildPhase section */

/* Begin PBXGroup section */
		67ABEFB32856CC1C0068C434 /* Models */ = {
			isa = PBXGroup;
			children = (
				67ABEFAF2856C8280068C434 /* Landmark.swift */,
				67ABEFB12856C9EA0068C434 /* ModelData.swift */,
			);
			path = Models;
			sourceTree = "<group>";
		};
		67ABEFB42856CC280068C434 /* Views */ = {
			isa = PBXGroup;
			children = (
				67F3FB492855C5D90029D9C7 /* ContentView.swift */,
				67ABEFBF2857044E0068C434 /* helpers */,
				67ABEFBE285704200068C434 /* Landmarks */,
			);
			path = Views;
			sourceTree = "<group>";
		};
		67ABEFB52856CCFF0068C434 /* Resources */ = {
			isa = PBXGroup;
			children = (
				67ABEFAD2856C80D0068C434 /* landmarkData.json */,
			);
			path = Resources;
			sourceTree = "<group>";
		};
		67ABEFBE285704200068C434 /* Landmarks */ = {
			isa = PBXGroup;
			children = (
				67ABEFB62856CDEF0068C434 /* LandmarkRow.swift */,
				67ABEFBA2856D6A10068C434 /* LandmarkDetail.swift */,
				67ABEFB82856D4430068C434 /* LandmarkList.swift */,
			);
			path = Landmarks;
			sourceTree = "<group>";
		};
		67ABEFBF2857044E0068C434 /* helpers */ = {
			isa = PBXGroup;
			children = (
				67E44A482856B6B900E958CC /* MapView.swift */,
				67ABEFBC285703470068C434 /* FavoriteButton.swift */,
				67E44A462856B45000E958CC /* CircleImage.swift */,
			);
			path = helpers;
			sourceTree = "<group>";
		};
		67F3FB3B2855C5D80029D9C7 = {
			isa = PBXGroup;
			children = (
				67F3FB462855C5D90029D9C7 /* Swift Essentials */,
				67F3FB452855C5D90029D9C7 /* Products */,
			);
			sourceTree = "<group>";
		};
		67F3FB452855C5D90029D9C7 /* Products */ = {
			isa = PBXGroup;
			children = (
				67F3FB442855C5D90029D9C7 /* Swift Essentials 1.app */,
				67F3FB542855C5EF0029D9C7 /* Swift Essentials 1Tests.xctest */,
				67F3FB5E2855C5EF0029D9C7 /* Swift Essentials 1UITests.xctest */,
			);
			name = Products;
			sourceTree = "<group>";
		};
		67F3FB462855C5D90029D9C7 /* Swift Essentials */ = {
			isa = PBXGroup;
			children = (
				67F3FB472855C5D90029D9C7 /* Swift_Essentials1.swift */,
				67ABEFB42856CC280068C434 /* Views */,
				67ABEFB32856CC1C0068C434 /* Models */,
				67ABEFB52856CCFF0068C434 /* Resources */,
				67F3FB4B2855C5EE0029D9C7 /* Assets.xcassets */,
			);
			path = "Swift Essentials";
			sourceTree = "<group>";
		};
/* End PBXGroup section */

/* Begin PBXNativeTarget section */
		67F3FB432855C5D90029D9C7 /* Swift Essentials 1 */ = {
			isa = PBXNativeTarget;
			buildConfigurationList = 67F3FB682855C5EF0029D9C7 /* Build configuration list for PBXNativeTarget "Swift Essentials 1" */;
			buildPhases = (
				67F3FB402855C5D90029D9C7 /* Sources */,
				67F3FB412855C5D90029D9C7 /* Frameworks */,
				67F3FB422855C5D90029D9C7 /* Resources */,
			);
			buildRules = (
			);
			dependencies = (
			);
			name = "Swift Essentials 1";
			productName = "Smart Music";
			productReference = 67F3FB442855C5D90029D9C7 /* Swift Essentials 1.app */;
			productType = "com.apple.product-type.application";
		};
		67F3FB532855C5EF0029D9C7 /* Swift Essentials 1Tests */ = {
			isa = PBXNativeTarget;
			buildConfigurationList = 67F3FB6B2855C5EF0029D9C7 /* Build configuration list for PBXNativeTarget "Swift Essentials 1Tests" */;
			buildPhases = (
				67F3FB502855C5EF0029D9C7 /* Sources */,
				67F3FB512855C5EF0029D9C7 /* Frameworks */,
				67F3FB522855C5EF0029D9C7 /* Resources */,
			);
			buildRules = (
			);
			dependencies = (
				67F3FB562855C5EF0029D9C7 /* PBXTargetDependency */,
			);
			name = "Swift Essentials 1Tests";
			productName = "Smart MusicTests";
			productReference = 67F3FB542855C5EF0029D9C7 /* Swift Essentials 1Tests.xctest */;
			productType = "com.apple.product-type.bundle.unit-test";
		};
		67F3FB5D2855C5EF0029D9C7 /* Swift Essentials 1UITests */ = {
			isa = PBXNativeTarget;
			buildConfigurationList = 67F3FB6E2855C5EF0029D9C7 /* Build configuration list for PBXNativeTarget "Swift Essentials 1UITests" */;
			buildPhases = (
				67F3FB5A2855C5EF0029D9C7 /* Sources */,
				67F3FB5B2855C5EF0029D9C7 /* Frameworks */,
				67F3FB5C2855C5EF0029D9C7 /* Resources */,
			);
			buildRules = (
			);
			dependencies = (
				67F3FB602855C5EF0029D9C7 /* PBXTargetDependency */,
			);
			name = "Swift Essentials 1UITests";
			productName = "Smart MusicUITests";
			productReference = 67F3FB5E2855C5EF0029D9C7 /* Swift Essentials 1UITests.xctest */;
			productType = "com.apple.product-type.bundle.ui-testing";
		};
/* End PBXNativeTarget section */

/* Begin PBXProject section */
		67F3FB3C2855C5D80029D9C7 /* Project object */ = {
			isa = PBXProject;
			attributes = {
				BuildIndependentTargetsInParallel = 1;
				LastSwiftUpdateCheck = 1340;
				LastUpgradeCheck = 1340;
				TargetAttributes = {
					67F3FB432855C5D90029D9C7 = {
						CreatedOnToolsVersion = 13.4.1;
					};
					67F3FB532855C5EF0029D9C7 = {
						CreatedOnToolsVersion = 13.4.1;
						TestTargetID = 67F3FB432855C5D90029D9C7;
					};
					67F3FB5D2855C5EF0029D9C7 = {
						CreatedOnToolsVersion = 13.4.1;
						TestTargetID = 67F3FB432855C5D90029D9C7;
					};
				};
			};
			buildConfigurationList = 67F3FB3F2855C5D80029D9C7 /* Build configuration list for PBXProject "Swift Essentials 1" */;
			compatibilityVersion = "Xcode 13.0";
			developmentRegion = en;
			hasScannedForEncodings = 0;
			knownRegions = (
				en,
				Base,
			);
			mainGroup = 67F3FB3B2855C5D80029D9C7;
			productRefGroup = 67F3FB452855C5D90029D9C7 /* Products */;
			projectDirPath = "";
			projectRoot = "";
			targets = (
				67F3FB432855C5D90029D9C7 /* Swift Essentials 1 */,
				67F3FB532855C5EF0029D9C7 /* Swift Essentials 1Tests */,
				67F3FB5D2855C5EF0029D9C7 /* Swift Essentials 1UITests */,
			);
		};
/* End PBXProject section */

/* Begin PBXResourcesBuildPhase section */
		67F3FB422855C5D90029D9C7 /* Resources */ = {
			isa = PBXResourcesBuildPhase;
			buildActionMask = 2147483647;
			files = (
				67F3FB4C2855C5EE0029D9C7 /* Assets.xcassets in Resources */,
				67ABEFAE2856C80D0068C434 /* landmarkData.json in Resources */,
			);
			runOnlyForDeploymentPostprocessing = 0;
		};
		67F3FB522855C5EF0029D9C7 /* Resources */ = {
			isa = PBXResourcesBuildPhase;
			buildActionMask = 2147483647;
			files = (
			);
			runOnlyForDeploymentPostprocessing = 0;
		};
		67F3FB5C2855C5EF0029D9C7 /* Resources */ = {
			isa = PBXResourcesBuildPhase;
			buildActionMask = 2147483647;
			files = (
			);
			runOnlyForDeploymentPostprocessing = 0;
		};
/* End PBXResourcesBuildPhase section */

/* Begin PBXSourcesBuildPhase section */
		67F3FB402855C5D90029D9C7 /* Sources */ = {
			isa = PBXSourcesBuildPhase;
			buildActionMask = 2147483647;
			files = (
				67F3FB4A2855C5D90029D9C7 /* ContentView.swift in Sources */,
				67E44A492856B6B900E958CC /* MapView.swift in Sources */,
				67F3FB482855C5D90029D9C7 /* Swift_Essentials1.swift in Sources */,
				67ABEFBD285703470068C434 /* FavoriteButton.swift in Sources */,
				67ABEFB92856D4430068C434 /* LandmarkList.swift in Sources */,
				67ABEFBB2856D6A10068C434 /* LandmarkDetail.swift in Sources */,
				67E44A472856B45000E958CC /* CircleImage.swift in Sources */,
				67ABEFB02856C8280068C434 /* Landmark.swift in Sources */,
				67ABEFB72856CDEF0068C434 /* LandmarkRow.swift in Sources */,
				67ABEFB22856C9EA0068C434 /* ModelData.swift in Sources */,
			);
			runOnlyForDeploymentPostprocessing = 0;
		};
		67F3FB502855C5EF0029D9C7 /* Sources */ = {
			isa = PBXSourcesBuildPhase;
			buildActionMask = 2147483647;
			files = (
			);
			runOnlyForDeploymentPostprocessing = 0;
		};
		67F3FB5A2855C5EF0029D9C7 /* Sources */ = {
			isa = PBXSourcesBuildPhase;
			buildActionMask = 2147483647;
			files = (
			);
			runOnlyForDeploymentPostprocessing = 0;
		};
/* End PBXSourcesBuildPhase section */

/* Begin PBXTargetDependency section */
		67F3FB562855C5EF0029D9C7 /* PBXTargetDependency */ = {
			isa = PBXTargetDependency;
			target = 67F3FB432855C5D90029D9C7 /* Swift Essentials 1 */;
			targetProxy = 67F3FB552855C5EF0029D9C7 /* PBXContainerItemProxy */;
		};
		67F3FB602855C5EF0029D9C7 /* PBXTargetDependency */ = {
			isa = PBXTargetDependency;
			target = 67F3FB432855C5D90029D9C7 /* Swift Essentials 1 */;
			targetProxy = 67F3FB5F2855C5EF0029D9C7 /* PBXContainerItemProxy */;
		};
/* End PBXTargetDependency section */

/* Begin XCBuildConfiguration section */
		67F3FB662855C5EF0029D9C7 /* Debug */ = {
			isa = XCBuildConfiguration;
			buildSettings = {
				ALWAYS_SEARCH_USER_PATHS = NO;
				CLANG_ANALYZER_NONNULL = YES;
				CLANG_ANALYZER_NUMBER_OBJECT_CONVERSION = YES_AGGRESSIVE;
				CLANG_CXX_LANGUAGE_STANDARD = "gnu++17";
				CLANG_ENABLE_MODULES = YES;
				CLANG_ENABLE_OBJC_ARC = YES;
				CLANG_ENABLE_OBJC_WEAK = YES;
				CLANG_WARN_BLOCK_CAPTURE_AUTORELEASING = YES;
				CLANG_WARN_BOOL_CONVERSION = YES;
				CLANG_WARN_COMMA = YES;
				CLANG_WARN_CONSTANT_CONVERSION = YES;
				CLANG_WARN_DEPRECATED_OBJC_IMPLEMENTATIONS = YES;
				CLANG_WARN_DIRECT_OBJC_ISA_USAGE = YES_ERROR;
				CLANG_WARN_DOCUMENTATION_COMMENTS = YES;
				CLANG_WARN_EMPTY_BODY = YES;
				CLANG_WARN_ENUM_CONVERSION = YES;
				CLANG_WARN_INFINITE_RECURSION = YES;
				CLANG_WARN_INT_CONVERSION = YES;
				CLANG_WARN_NON_LITERAL_NULL_CONVERSION = YES;
				CLANG_WARN_OBJC_IMPLICIT_RETAIN_SELF = YES;
				CLANG_WARN_OBJC_LITERAL_CONVERSION = YES;
				CLANG_WARN_OBJC_ROOT_CLASS = YES_ERROR;
				CLANG_WARN_QUOTED_INCLUDE_IN_FRAMEWORK_HEADER = YES;
				CLANG_WARN_RANGE_LOOP_ANALYSIS = YES;
				CLANG_WARN_STRICT_PROTOTYPES = YES;
				CLANG_WARN_SUSPICIOUS_MOVE = YES;
				CLANG_WARN_UNGUARDED_AVAILABILITY = YES_AGGRESSIVE;
				CLANG_WARN_UNREACHABLE_CODE = YES;
				CLANG_WARN__DUPLICATE_METHOD_MATCH = YES;
				COPY_PHASE_STRIP = NO;
				DEBUG_INFORMATION_FORMAT = dwarf;
				ENABLE_STRICT_OBJC_MSGSEND = YES;
				ENABLE_TESTABILITY = YES;
				GCC_C_LANGUAGE_STANDARD = gnu11;
				GCC_DYNAMIC_NO_PIC = NO;
				GCC_NO_COMMON_BLOCKS = YES;
				GCC_OPTIMIZATION_LEVEL = 0;
				GCC_PREPROCESSOR_DEFINITIONS = (
					"DEBUG=1",
					"$(inherited)",
				);
				GCC_WARN_64_TO_32_BIT_CONVERSION = YES;
				GCC_WARN_ABOUT_RETURN_TYPE = YES_ERROR;
				GCC_WARN_UNDECLARED_SELECTOR = YES;
				GCC_WARN_UNINITIALIZED_AUTOS = YES_AGGRESSIVE;
				GCC_WARN_UNUSED_FUNCTION = YES;
				GCC_WARN_UNUSED_VARIABLE = YES;
				IPHONEOS_DEPLOYMENT_TARGET = 15.5;
				MTL_ENABLE_DEBUG_INFO = INCLUDE_SOURCE;
				MTL_FAST_MATH = YES;
				ONLY_ACTIVE_ARCH = YES;
				SDKROOT = iphoneos;
				SWIFT_ACTIVE_COMPILATION_CONDITIONS = DEBUG;
				SWIFT_OPTIMIZATION_LEVEL = "-Onone";
			};
			name = Debug;
		};
		67F3FB672855C5EF0029D9C7 /* Release */ = {
			isa = XCBuildConfiguration;
			buildSettings = {
				ALWAYS_SEARCH_USER_PATHS = NO;
				CLANG_ANALYZER_NONNULL = YES;
				CLANG_ANALYZER_NUMBER_OBJECT_CONVERSION = YES_AGGRESSIVE;
				CLANG_CXX_LANGUAGE_STANDARD = "gnu++17";
				CLANG_ENABLE_MODULES = YES;
				CLANG_ENABLE_OBJC_ARC = YES;
				CLANG_ENABLE_OBJC_WEAK = YES;
				CLANG_WARN_BLOCK_CAPTURE_AUTORELEASING = YES;
				CLANG_WARN_BOOL_CONVERSION = YES;
				CLANG_WARN_COMMA = YES;
				CLANG_WARN_CONSTANT_CONVERSION = YES;
				CLANG_WARN_DEPRECATED_OBJC_IMPLEMENTATIONS = YES;
				CLANG_WARN_DIRECT_OBJC_ISA_USAGE = YES_ERROR;
				CLANG_WARN_DOCUMENTATION_COMMENTS = YES;
				CLANG_WARN_EMPTY_BODY = YES;
				CLANG_WARN_ENUM_CONVERSION = YES;
				CLANG_WARN_INFINITE_RECURSION = YES;
				CLANG_WARN_INT_CONVERSION = YES;
				CLANG_WARN_NON_LITERAL_NULL_CONVERSION = YES;
				CLANG_WARN_OBJC_IMPLICIT_RETAIN_SELF = YES;
				CLANG_WARN_OBJC_LITERAL_CONVERSION = YES;
				CLANG_WARN_OBJC_ROOT_CLASS = YES_ERROR;
				CLANG_WARN_QUOTED_INCLUDE_IN_FRAMEWORK_HEADER = YES;
				CLANG_WARN_RANGE_LOOP_ANALYSIS = YES;
				CLANG_WARN_STRICT_PROTOTYPES = YES;
				CLANG_WARN_SUSPICIOUS_MOVE = YES;
				CLANG_WARN_UNGUARDED_AVAILABILITY = YES_AGGRESSIVE;
				CLANG_WARN_UNREACHABLE_CODE = YES;
				CLANG_WARN__DUPLICATE_METHOD_MATCH = YES;
				COPY_PHASE_STRIP = NO;
				DEBUG_INFORMATION_FORMAT = "dwarf-with-dsym";
				ENABLE_NS_ASSERTIONS = NO;
				ENABLE_STRICT_OBJC_MSGSEND = YES;
				GCC_C_LANGUAGE_STANDARD = gnu11;
				GCC_NO_COMMON_BLOCKS = YES;
				GCC_WARN_64_TO_32_BIT_CONVERSION = YES;
				GCC_WARN_ABOUT_RETURN_TYPE = YES_ERROR;
				GCC_WARN_UNDECLARED_SELECTOR = YES;
				GCC_WARN_UNINITIALIZED_AUTOS = YES_AGGRESSIVE;
				GCC_WARN_UNUSED_FUNCTION = YES;
				GCC_WARN_UNUSED_VARIABLE = YES;
				IPHONEOS_DEPLOYMENT_TARGET = 15.5;
				MTL_ENABLE_DEBUG_INFO = NO;
				MTL_FAST_MATH = YES;
				SDKROOT = iphoneos;
				SWIFT_COMPILATION_MODE = wholemodule;
				SWIFT_OPTIMIZATION_LEVEL = "-O";
				VALIDATE_PRODUCT = YES;
			};
			name = Release;
		};
		67F3FB692855C5EF0029D9C7 /* Debug */ = {
			isa = XCBuildConfiguration;
			buildSettings = {
				ASSETCATALOG_COMPILER_APPICON_NAME = AppIcon;
				ASSETCATALOG_COMPILER_GLOBAL_ACCENT_COLOR_NAME = AccentColor;
				CODE_SIGN_STYLE = Automatic;
				CURRENT_PROJECT_VERSION = 1;
				DEVELOPMENT_ASSET_PATHS = "";
				ENABLE_PREVIEWS = YES;
				GENERATE_INFOPLIST_FILE = YES;
				INFOPLIST_KEY_UIApplicationSceneManifest_Generation = YES;
				INFOPLIST_KEY_UIApplicationSupportsIndirectInputEvents = YES;
				INFOPLIST_KEY_UILaunchScreen_Generation = YES;
				INFOPLIST_KEY_UISupportedInterfaceOrientations_iPad = "UIInterfaceOrientationPortrait UIInterfaceOrientationPortraitUpsideDown UIInterfaceOrientationLandscapeLeft UIInterfaceOrientationLandscapeRight";
				INFOPLIST_KEY_UISupportedInterfaceOrientations_iPhone = "UIInterfaceOrientationPortrait UIInterfaceOrientationLandscapeLeft UIInterfaceOrientationLandscapeRight";
				LD_RUNPATH_SEARCH_PATHS = (
					"$(inherited)",
					"@executable_path/Frameworks",
				);
				MARKETING_VERSION = 1.0;
				PRODUCT_BUNDLE_IDENTIFIER = "AaronMRamirez.Smart-Music";
				PRODUCT_NAME = "Swift Essentials 1";
				SWIFT_EMIT_LOC_STRINGS = YES;
				SWIFT_VERSION = 5.0;
				TARGETED_DEVICE_FAMILY = "1,2";
			};
			name = Debug;
		};
		67F3FB6A2855C5EF0029D9C7 /* Release */ = {
			isa = XCBuildConfiguration;
			buildSettings = {
				ASSETCATALOG_COMPILER_APPICON_NAME = AppIcon;
				ASSETCATALOG_COMPILER_GLOBAL_ACCENT_COLOR_NAME = AccentColor;
				CODE_SIGN_STYLE = Automatic;
				CURRENT_PROJECT_VERSION = 1;
				DEVELOPMENT_ASSET_PATHS = "";
				ENABLE_PREVIEWS = YES;
				GENERATE_INFOPLIST_FILE = YES;
				INFOPLIST_KEY_UIApplicationSceneManifest_Generation = YES;
				INFOPLIST_KEY_UIApplicationSupportsIndirectInputEvents = YES;
				INFOPLIST_KEY_UILaunchScreen_Generation = YES;
				INFOPLIST_KEY_UISupportedInterfaceOrientations_iPad = "UIInterfaceOrientationPortrait UIInterfaceOrientationPortraitUpsideDown UIInterfaceOrientationLandscapeLeft UIInterfaceOrientationLandscapeRight";
				INFOPLIST_KEY_UISupportedInterfaceOrientations_iPhone = "UIInterfaceOrientationPortrait UIInterfaceOrientationLandscapeLeft UIInterfaceOrientationLandscapeRight";
				LD_RUNPATH_SEARCH_PATHS = (
					"$(inherited)",
					"@executable_path/Frameworks",
				);
				MARKETING_VERSION = 1.0;
				PRODUCT_BUNDLE_IDENTIFIER = "AaronMRamirez.Smart-Music";
				PRODUCT_NAME = "Swift Essentials 1";
				SWIFT_EMIT_LOC_STRINGS = YES;
				SWIFT_VERSION = 5.0;
				TARGETED_DEVICE_FAMILY = "1,2";
			};
			name = Release;
		};
		67F3FB6C2855C5EF0029D9C7 /* Debug */ = {
			isa = XCBuildConfiguration;
			buildSettings = {
				ALWAYS_EMBED_SWIFT_STANDARD_LIBRARIES = YES;
				BUNDLE_LOADER = "$(TEST_HOST)";
				CODE_SIGN_STYLE = Automatic;
				CURRENT_PROJECT_VERSION = 1;
				GENERATE_INFOPLIST_FILE = YES;
				IPHONEOS_DEPLOYMENT_TARGET = 15.5;
				MARKETING_VERSION = 1.0;
				PRODUCT_BUNDLE_IDENTIFIER = "AaronMRamirez.Smart-MusicTests";
				PRODUCT_NAME = "$(TARGET_NAME)";
				SWIFT_EMIT_LOC_STRINGS = NO;
				SWIFT_VERSION = 5.0;
				TARGETED_DEVICE_FAMILY = "1,2";
				TEST_HOST = "$(BUILT_PRODUCTS_DIR)/Swift Essentials 1.app/Swift Essentials 1";
			};
			name = Debug;
		};
		67F3FB6D2855C5EF0029D9C7 /* Release */ = {
			isa = XCBuildConfiguration;
			buildSettings = {
				ALWAYS_EMBED_SWIFT_STANDARD_LIBRARIES = YES;
				BUNDLE_LOADER = "$(TEST_HOST)";
				CODE_SIGN_STYLE = Automatic;
				CURRENT_PROJECT_VERSION = 1;
				GENERATE_INFOPLIST_FILE = YES;
				IPHONEOS_DEPLOYMENT_TARGET = 15.5;
				MARKETING_VERSION = 1.0;
				PRODUCT_BUNDLE_IDENTIFIER = "AaronMRamirez.Smart-MusicTests";
				PRODUCT_NAME = "$(TARGET_NAME)";
				SWIFT_EMIT_LOC_STRINGS = NO;
				SWIFT_VERSION = 5.0;
				TARGETED_DEVICE_FAMILY = "1,2";
				TEST_HOST = "$(BUILT_PRODUCTS_DIR)/Swift Essentials 1.app/Swift Essentials 1";
			};
			name = Release;
		};
		67F3FB6F2855C5EF0029D9C7 /* Debug */ = {
			isa = XCBuildConfiguration;
			buildSettings = {
				ALWAYS_EMBED_SWIFT_STANDARD_LIBRARIES = YES;
				CODE_SIGN_STYLE = Automatic;
				CURRENT_PROJECT_VERSION = 1;
				GENERATE_INFOPLIST_FILE = YES;
				MARKETING_VERSION = 1.0;
				PRODUCT_BUNDLE_IDENTIFIER = "AaronMRamirez.Smart-MusicUITests";
				PRODUCT_NAME = "$(TARGET_NAME)";
				SWIFT_EMIT_LOC_STRINGS = NO;
				SWIFT_VERSION = 5.0;
				TARGETED_DEVICE_FAMILY = "1,2";
				TEST_TARGET_NAME = "Smart Music";
			};
			name = Debug;
		};
		67F3FB702855C5EF0029D9C7 /* Release */ = {
			isa = XCBuildConfiguration;
			buildSettings = {
				ALWAYS_EMBED_SWIFT_STANDARD_LIBRARIES = YES;
				CODE_SIGN_STYLE = Automatic;
				CURRENT_PROJECT_VERSION = 1;
				GENERATE_INFOPLIST_FILE = YES;
				MARKETING_VERSION = 1.0;
				PRODUCT_BUNDLE_IDENTIFIER = "AaronMRamirez.Smart-MusicUITests";
				PRODUCT_NAME = "$(TARGET_NAME)";
				SWIFT_EMIT_LOC_STRINGS = NO;
				SWIFT_VERSION = 5.0;
				TARGETED_DEVICE_FAMILY = "1,2";
				TEST_TARGET_NAME = "Smart Music";
			};
			name = Release;
		};
/* End XCBuildConfiguration section */

/* Begin XCConfigurationList section */
		67F3FB3F2855C5D80029D9C7 /* Build configuration list for PBXProject "Swift Essentials 1" */ = {
			isa = XCConfigurationList;
			buildConfigurations = (
				67F3FB662855C5EF0029D9C7 /* Debug */,
				67F3FB672855C5EF0029D9C7 /* Release */,
			);
			defaultConfigurationIsVisible = 0;
			defaultConfigurationName = Release;
		};
		67F3FB682855C5EF0029D9C7 /* Build configuration list for PBXNativeTarget "Swift Essentials 1" */ = {
			isa = XCConfigurationList;
			buildConfigurations = (
				67F3FB692855C5EF0029D9C7 /* Debug */,
				67F3FB6A2855C5EF0029D9C7 /* Release */,
			);
			defaultConfigurationIsVisible = 0;
			defaultConfigurationName = Release;
		};
		67F3FB6B2855C5EF0029D9C7 /* Build configuration list for PBXNativeTarget "Swift Essentials 1Tests" */ = {
			isa = XCConfigurationList;
			buildConfigurations = (
				67F3FB6C2855C5EF0029D9C7 /* Debug */,
				67F3FB6D2855C5EF0029D9C7 /* Release */,
			);
			defaultConfigurationIsVisible = 0;
			defaultConfigurationName = Release;
		};
		67F3FB6E2855C5EF0029D9C7 /* Build configuration list for PBXNativeTarget "Swift Essentials 1UITests" */ = {
			isa = XCConfigurationList;
			buildConfigurations = (
				67F3FB6F2855C5EF0029D9C7 /* Debug */,
				67F3FB702855C5EF0029D9C7 /* Release */,
			);
			defaultConfigurationIsVisible = 0;
			defaultConfigurationName = Release;
		};
/* End XCConfigurationList section */
	};
	rootObject = 67F3FB3C2855C5D80029D9C7 /* Project object */;
}
